
Microsoft Visual Studio Solution File, Format Version 12.00
# Visual Studio Version 16
VisualStudioVersion = 16.0.29306.81
MinimumVisualStudioVersion = 10.0.40219.1
Project("{FAE04EC0-301F-11D3-BF4B-00C04F79EFBC}") = "malshetwi_Project3_SDA.LMS", "malshetwi_Project3_SDA.LMS.csproj", "{C1A9FC7A-ED40-4E95-AAF8-DA43604A7634}"
EndProject
Global
	GlobalSection(SolutionConfigurationPlatforms) = preSolution
		Debug|Any CPU = Debug|Any CPU
		Release|Any CPU = Release|Any CPU
	EndGlobalSection
	GlobalSection(ProjectConfigurationPlatforms) = postSolution
		{C1A9FC7A-ED40-4E95-AAF8-DA43604A7634}.Debug|Any CPU.ActiveCfg = Debug|Any CPU
		{C1A9FC7A-ED40-4E95-AAF8-DA43604A7634}.Debug|Any CPU.Build.0 = Debug|Any CPU
		{C1A9FC7A-ED40-4E95-AAF8-DA43604A7634}.Release|Any CPU.ActiveCfg = Release|Any CPU
		{C1A9FC7A-ED40-4E95-AAF8-DA43604A7634}.Release|Any CPU.Build.0 = Release|Any CPU
	EndGlobalSection
	GlobalSection(SolutionProperties) = preSolution
		HideSolutionNode = FALSE
	EndGlobalSection
	GlobalSection(ExtensibilityGlobals) = postSolution
		SolutionGuid = {60F8DF44-DD15-4549-893F-EB13E55C90CA}
	EndGlobalSection
EndGlobal
